// !$*UTF8*$!
{
	archiveVersion = 1;
	classes = {
	};
	objectVersion = 46;
	objects = {

/* Begin PBXBuildFile section */
		0ECA636B18195B5100DBC1AB /* Login.storyboard in Resources */ = {isa = PBXBuildFile; fileRef = 0ECA636A18195B5100DBC1AB /* Login.storyboard */; };
		0ECA636F18196E6D00DBC1AB /* SSLoginViewController.m in Sources */ = {isa = PBXBuildFile; fileRef = 0ECA636E18196E6D00DBC1AB /* SSLoginViewController.m */; };
		0EDC614D18171B6600F41AEF /* UIView+SSHelpers.m in Sources */ = {isa = PBXBuildFile; fileRef = 0EDC614C18171B6600F41AEF /* UIView+SSHelpers.m */; };
		0EDC614F18171CD100F41AEF /* MessageUI.framework in Frameworks */ = {isa = PBXBuildFile; fileRef = 0EDC614E18171CD100F41AEF /* MessageUI.framework */; };
		0EE99D8A18198FE700CB93DC /* SSUserDefaults.m in Sources */ = {isa = PBXBuildFile; fileRef = 0EE99D8918198FE700CB93DC /* SSUserDefaults.m */; };
		0EF9EDF2180DED5E009CBC99 /* Foundation.framework in Frameworks */ = {isa = PBXBuildFile; fileRef = 0EF9EDF1180DED5E009CBC99 /* Foundation.framework */; };
		0EF9EDF4180DED5E009CBC99 /* CoreGraphics.framework in Frameworks */ = {isa = PBXBuildFile; fileRef = 0EF9EDF3180DED5E009CBC99 /* CoreGraphics.framework */; };
		0EF9EDF6180DED5E009CBC99 /* UIKit.framework in Frameworks */ = {isa = PBXBuildFile; fileRef = 0EF9EDF5180DED5E009CBC99 /* UIKit.framework */; };
		0EF9EDFC180DED5E009CBC99 /* InfoPlist.strings in Resources */ = {isa = PBXBuildFile; fileRef = 0EF9EDFA180DED5E009CBC99 /* InfoPlist.strings */; };
		0EF9EDFE180DED5E009CBC99 /* main.m in Sources */ = {isa = PBXBuildFile; fileRef = 0EF9EDFD180DED5E009CBC99 /* main.m */; };
		0EF9EE02180DED5E009CBC99 /* SSAppDelegate.m in Sources */ = {isa = PBXBuildFile; fileRef = 0EF9EE01180DED5E009CBC99 /* SSAppDelegate.m */; };
		0EF9EE05180DED5E009CBC99 /* Contacts_iPhone.storyboard in Resources */ = {isa = PBXBuildFile; fileRef = 0EF9EE03180DED5E009CBC99 /* Contacts_iPhone.storyboard */; };
		0EF9EE08180DED5E009CBC99 /* Contacts_iPad.storyboard in Resources */ = {isa = PBXBuildFile; fileRef = 0EF9EE06180DED5E009CBC99 /* Contacts_iPad.storyboard */; };
		0EF9EE0B180DED5E009CBC99 /* SSContactsViewController.m in Sources */ = {isa = PBXBuildFile; fileRef = 0EF9EE0A180DED5E009CBC99 /* SSContactsViewController.m */; };
		0EF9EE0D180DED5E009CBC99 /* Images.xcassets in Resources */ = {isa = PBXBuildFile; fileRef = 0EF9EE0C180DED5E009CBC99 /* Images.xcassets */; };
		0EF9EE2A180ECFE2009CBC99 /* MapKit.framework in Frameworks */ = {isa = PBXBuildFile; fileRef = 0EF9EE29180ECFE2009CBC99 /* MapKit.framework */; };
		0EF9EE2D180EFED4009CBC99 /* SSSDataManager.m in Sources */ = {isa = PBXBuildFile; fileRef = 0EF9EE2C180EFED4009CBC99 /* SSSDataManager.m */; };
		0EF9EE30180F2954009CBC99 /* SSContact.m in Sources */ = {isa = PBXBuildFile; fileRef = 0EF9EE2F180F2954009CBC99 /* SSContact.m */; };
		0EF9EE34180F2B80009CBC99 /* SSAddress.m in Sources */ = {isa = PBXBuildFile; fileRef = 0EF9EE33180F2B80009CBC99 /* SSAddress.m */; };
		0EF9EE37180F2EE7009CBC99 /* SSModel.m in Sources */ = {isa = PBXBuildFile; fileRef = 0EF9EE36180F2EE7009CBC99 /* SSModel.m */; };
		0EF9EE3B180F41F5009CBC99 /* SSContactOverviewCell.m in Sources */ = {isa = PBXBuildFile; fileRef = 0EF9EE3A180F41F5009CBC99 /* SSContactOverviewCell.m */; };
		0EF9EE3E1810246C009CBC99 /* SSContactDetailsViewController.m in Sources */ = {isa = PBXBuildFile; fileRef = 0EF9EE3D1810246C009CBC99 /* SSContactDetailsViewController.m */; };
		0EF9EE4018103773009CBC99 /* AddressBookUI.framework in Frameworks */ = {isa = PBXBuildFile; fileRef = 0EF9EE3F18103773009CBC99 /* AddressBookUI.framework */; };
		0EF9EE45181049B8009CBC99 /* SSContactNotesViewController.m in Sources */ = {isa = PBXBuildFile; fileRef = 0EF9EE44181049B8009CBC99 /* SSContactNotesViewController.m */; };
		0EF9EE481811717B009CBC99 /* SSNote.m in Sources */ = {isa = PBXBuildFile; fileRef = 0EF9EE471811717B009CBC99 /* SSNote.m */; };
		0EF9EE4C1816B4EE009CBC99 /* SSAppController.m in Sources */ = {isa = PBXBuildFile; fileRef = 0EF9EE4B1816B4EE009CBC99 /* SSAppController.m */; };
		0EF9EE4F1816B4FF009CBC99 /* SSAppFactory.m in Sources */ = {isa = PBXBuildFile; fileRef = 0EF9EE4E1816B4FF009CBC99 /* SSAppFactory.m */; };
		C529E98B6B764CFA80699BFE /* libPods.a in Frameworks */ = {isa = PBXBuildFile; fileRef = 38B18CACC6CD4ABCA89A8B67 /* libPods.a */; };
/* End PBXBuildFile section */

/* Begin PBXFileReference section */
		0ECA636A18195B5100DBC1AB /* Login.storyboard */ = {isa = PBXFileReference; fileEncoding = 4; lastKnownFileType = file.storyboard; path = Login.storyboard; sourceTree = "<group>"; };
		0ECA636D18196E6D00DBC1AB /* SSLoginViewController.h */ = {isa = PBXFileReference; fileEncoding = 4; lastKnownFileType = sourcecode.c.h; path = SSLoginViewController.h; sourceTree = "<group>"; };
		0ECA636E18196E6D00DBC1AB /* SSLoginViewController.m */ = {isa = PBXFileReference; fileEncoding = 4; lastKnownFileType = sourcecode.c.objc; path = SSLoginViewController.m; sourceTree = "<group>"; };
		0ECA63701819710500DBC1AB /* SSController.h */ = {isa = PBXFileReference; lastKnownFileType = sourcecode.c.h; path = SSController.h; sourceTree = "<group>"; };
		0EDC614B18171B6600F41AEF /* UIView+SSHelpers.h */ = {isa = PBXFileReference; fileEncoding = 4; lastKnownFileType = sourcecode.c.h; path = "UIView+SSHelpers.h"; sourceTree = "<group>"; };
		0EDC614C18171B6600F41AEF /* UIView+SSHelpers.m */ = {isa = PBXFileReference; fileEncoding = 4; lastKnownFileType = sourcecode.c.objc; path = "UIView+SSHelpers.m"; sourceTree = "<group>"; };
		0EDC614E18171CD100F41AEF /* MessageUI.framework */ = {isa = PBXFileReference; lastKnownFileType = wrapper.framework; name = MessageUI.framework; path = System/Library/Frameworks/MessageUI.framework; sourceTree = SDKROOT; };
		0EE99D8818198FE700CB93DC /* SSUserDefaults.h */ = {isa = PBXFileReference; fileEncoding = 4; lastKnownFileType = sourcecode.c.h; path = SSUserDefaults.h; sourceTree = "<group>"; };
		0EE99D8918198FE700CB93DC /* SSUserDefaults.m */ = {isa = PBXFileReference; fileEncoding = 4; lastKnownFileType = sourcecode.c.objc; path = SSUserDefaults.m; sourceTree = "<group>"; };
		0EF9EDEE180DED5E009CBC99 /* Contact Notepad.app */ = {isa = PBXFileReference; explicitFileType = wrapper.application; includeInIndex = 0; path = "Contact Notepad.app"; sourceTree = BUILT_PRODUCTS_DIR; };
		0EF9EDF1180DED5E009CBC99 /* Foundation.framework */ = {isa = PBXFileReference; lastKnownFileType = wrapper.framework; name = Foundation.framework; path = System/Library/Frameworks/Foundation.framework; sourceTree = SDKROOT; };
		0EF9EDF3180DED5E009CBC99 /* CoreGraphics.framework */ = {isa = PBXFileReference; lastKnownFileType = wrapper.framework; name = CoreGraphics.framework; path = System/Library/Frameworks/CoreGraphics.framework; sourceTree = SDKROOT; };
		0EF9EDF5180DED5E009CBC99 /* UIKit.framework */ = {isa = PBXFileReference; lastKnownFileType = wrapper.framework; name = UIKit.framework; path = System/Library/Frameworks/UIKit.framework; sourceTree = SDKROOT; };
		0EF9EDF9180DED5E009CBC99 /* Contact Notepad-Info.plist */ = {isa = PBXFileReference; lastKnownFileType = text.plist.xml; path = "Contact Notepad-Info.plist"; sourceTree = "<group>"; };
		0EF9EDFB180DED5E009CBC99 /* en */ = {isa = PBXFileReference; lastKnownFileType = text.plist.strings; name = en; path = en.lproj/InfoPlist.strings; sourceTree = "<group>"; };
		0EF9EDFD180DED5E009CBC99 /* main.m */ = {isa = PBXFileReference; lastKnownFileType = sourcecode.c.objc; path = main.m; sourceTree = "<group>"; };
		0EF9EDFF180DED5E009CBC99 /* Contact Notepad-Prefix.pch */ = {isa = PBXFileReference; lastKnownFileType = sourcecode.c.h; path = "Contact Notepad-Prefix.pch"; sourceTree = "<group>"; };
		0EF9EE00180DED5E009CBC99 /* SSAppDelegate.h */ = {isa = PBXFileReference; lastKnownFileType = sourcecode.c.h; path = SSAppDelegate.h; sourceTree = "<group>"; };
		0EF9EE01180DED5E009CBC99 /* SSAppDelegate.m */ = {isa = PBXFileReference; lastKnownFileType = sourcecode.c.objc; path = SSAppDelegate.m; sourceTree = "<group>"; };
		0EF9EE04180DED5E009CBC99 /* Base */ = {isa = PBXFileReference; lastKnownFileType = file.storyboard; name = Base; path = Base.lproj/Contacts_iPhone.storyboard; sourceTree = "<group>"; };
		0EF9EE07180DED5E009CBC99 /* Base */ = {isa = PBXFileReference; lastKnownFileType = file.storyboard; name = Base; path = Base.lproj/Contacts_iPad.storyboard; sourceTree = "<group>"; };
		0EF9EE09180DED5E009CBC99 /* SSContactsViewController.h */ = {isa = PBXFileReference; lastKnownFileType = sourcecode.c.h; name = SSContactsViewController.h; path = ContactNotes/SSContactsViewController.h; sourceTree = "<group>"; };
		0EF9EE0A180DED5E009CBC99 /* SSContactsViewController.m */ = {isa = PBXFileReference; lastKnownFileType = sourcecode.c.objc; name = SSContactsViewController.m; path = ContactNotes/SSContactsViewController.m; sourceTree = "<group>"; };
		0EF9EE0C180DED5E009CBC99 /* Images.xcassets */ = {isa = PBXFileReference; lastKnownFileType = folder.assetcatalog; path = Images.xcassets; sourceTree = "<group>"; };
		0EF9EE13180DED5E009CBC99 /* XCTest.framework */ = {isa = PBXFileReference; lastKnownFileType = wrapper.framework; name = XCTest.framework; path = Library/Frameworks/XCTest.framework; sourceTree = DEVELOPER_DIR; };
		0EF9EE29180ECFE2009CBC99 /* MapKit.framework */ = {isa = PBXFileReference; lastKnownFileType = wrapper.framework; name = MapKit.framework; path = System/Library/Frameworks/MapKit.framework; sourceTree = SDKROOT; };
		0EF9EE2B180EFED4009CBC99 /* SSSDataManager.h */ = {isa = PBXFileReference; fileEncoding = 4; lastKnownFileType = sourcecode.c.h; name = SSSDataManager.h; path = ContactNotes/SSSDataManager.h; sourceTree = "<group>"; };
		0EF9EE2C180EFED4009CBC99 /* SSSDataManager.m */ = {isa = PBXFileReference; fileEncoding = 4; lastKnownFileType = sourcecode.c.objc; name = SSSDataManager.m; path = ContactNotes/SSSDataManager.m; sourceTree = "<group>"; };
		0EF9EE2E180F2954009CBC99 /* SSContact.h */ = {isa = PBXFileReference; fileEncoding = 4; lastKnownFileType = sourcecode.c.h; name = SSContact.h; path = ContactNotes/SSContact.h; sourceTree = "<group>"; };
		0EF9EE2F180F2954009CBC99 /* SSContact.m */ = {isa = PBXFileReference; fileEncoding = 4; lastKnownFileType = sourcecode.c.objc; name = SSContact.m; path = ContactNotes/SSContact.m; sourceTree = "<group>"; };
		0EF9EE32180F2B80009CBC99 /* SSAddress.h */ = {isa = PBXFileReference; fileEncoding = 4; lastKnownFileType = sourcecode.c.h; path = SSAddress.h; sourceTree = "<group>"; };
		0EF9EE33180F2B80009CBC99 /* SSAddress.m */ = {isa = PBXFileReference; fileEncoding = 4; lastKnownFileType = sourcecode.c.objc; path = SSAddress.m; sourceTree = "<group>"; };
		0EF9EE35180F2EE7009CBC99 /* SSModel.h */ = {isa = PBXFileReference; fileEncoding = 4; lastKnownFileType = sourcecode.c.h; path = SSModel.h; sourceTree = "<group>"; };
		0EF9EE36180F2EE7009CBC99 /* SSModel.m */ = {isa = PBXFileReference; fileEncoding = 4; lastKnownFileType = sourcecode.c.objc; path = SSModel.m; sourceTree = "<group>"; };
		0EF9EE39180F41F5009CBC99 /* SSContactOverviewCell.h */ = {isa = PBXFileReference; fileEncoding = 4; lastKnownFileType = sourcecode.c.h; path = SSContactOverviewCell.h; sourceTree = "<group>"; };
		0EF9EE3A180F41F5009CBC99 /* SSContactOverviewCell.m */ = {isa = PBXFileReference; fileEncoding = 4; lastKnownFileType = sourcecode.c.objc; path = SSContactOverviewCell.m; sourceTree = "<group>"; };
		0EF9EE3C1810246B009CBC99 /* SSContactDetailsViewController.h */ = {isa = PBXFileReference; fileEncoding = 4; lastKnownFileType = sourcecode.c.h; name = SSContactDetailsViewController.h; path = ContactNotes/SSContactDetailsViewController.h; sourceTree = "<group>"; };
		0EF9EE3D1810246C009CBC99 /* SSContactDetailsViewController.m */ = {isa = PBXFileReference; fileEncoding = 4; lastKnownFileType = sourcecode.c.objc; name = SSContactDetailsViewController.m; path = ContactNotes/SSContactDetailsViewController.m; sourceTree = "<group>"; };
		0EF9EE3F18103773009CBC99 /* AddressBookUI.framework */ = {isa = PBXFileReference; lastKnownFileType = wrapper.framework; name = AddressBookUI.framework; path = System/Library/Frameworks/AddressBookUI.framework; sourceTree = SDKROOT; };
		0EF9EE411810378E009CBC99 /* AddressBook.framework */ = {isa = PBXFileReference; lastKnownFileType = wrapper.framework; name = AddressBook.framework; path = System/Library/Frameworks/AddressBook.framework; sourceTree = SDKROOT; };
		0EF9EE43181049B8009CBC99 /* SSContactNotesViewController.h */ = {isa = PBXFileReference; fileEncoding = 4; lastKnownFileType = sourcecode.c.h; name = SSContactNotesViewController.h; path = ContactNotes/SSContactNotesViewController.h; sourceTree = "<group>"; };
		0EF9EE44181049B8009CBC99 /* SSContactNotesViewController.m */ = {isa = PBXFileReference; fileEncoding = 4; lastKnownFileType = sourcecode.c.objc; name = SSContactNotesViewController.m; path = ContactNotes/SSContactNotesViewController.m; sourceTree = "<group>"; };
		0EF9EE461811717B009CBC99 /* SSNote.h */ = {isa = PBXFileReference; fileEncoding = 4; lastKnownFileType = sourcecode.c.h; path = SSNote.h; sourceTree = "<group>"; };
		0EF9EE471811717B009CBC99 /* SSNote.m */ = {isa = PBXFileReference; fileEncoding = 4; lastKnownFileType = sourcecode.c.objc; path = SSNote.m; sourceTree = "<group>"; };
		0EF9EE4A1816B4EE009CBC99 /* SSAppController.h */ = {isa = PBXFileReference; fileEncoding = 4; lastKnownFileType = sourcecode.c.h; path = SSAppController.h; sourceTree = "<group>"; };
		0EF9EE4B1816B4EE009CBC99 /* SSAppController.m */ = {isa = PBXFileReference; fileEncoding = 4; lastKnownFileType = sourcecode.c.objc; path = SSAppController.m; sourceTree = "<group>"; };
		0EF9EE4D1816B4FF009CBC99 /* SSAppFactory.h */ = {isa = PBXFileReference; fileEncoding = 4; lastKnownFileType = sourcecode.c.h; path = SSAppFactory.h; sourceTree = "<group>"; };
		0EF9EE4E1816B4FF009CBC99 /* SSAppFactory.m */ = {isa = PBXFileReference; fileEncoding = 4; lastKnownFileType = sourcecode.c.objc; path = SSAppFactory.m; sourceTree = "<group>"; };
		38B18CACC6CD4ABCA89A8B67 /* libPods.a */ = {isa = PBXFileReference; explicitFileType = archive.ar; includeInIndex = 0; path = libPods.a; sourceTree = BUILT_PRODUCTS_DIR; };
		4C5E9DF2BFDE4CA5BB7EC5AF /* Pods.xcconfig */ = {isa = PBXFileReference; includeInIndex = 1; lastKnownFileType = text.xcconfig; name = Pods.xcconfig; path = Pods/Pods.xcconfig; sourceTree = "<group>"; };
/* End PBXFileReference section */

/* Begin PBXFrameworksBuildPhase section */
		0EF9EDEB180DED5E009CBC99 /* Frameworks */ = {
			isa = PBXFrameworksBuildPhase;
			buildActionMask = 2147483647;
			files = (
				0EDC614F18171CD100F41AEF /* MessageUI.framework in Frameworks */,
				0EF9EE4018103773009CBC99 /* AddressBookUI.framework in Frameworks */,
				0EF9EE2A180ECFE2009CBC99 /* MapKit.framework in Frameworks */,
				0EF9EDF4180DED5E009CBC99 /* CoreGraphics.framework in Frameworks */,
				0EF9EDF6180DED5E009CBC99 /* UIKit.framework in Frameworks */,
				0EF9EDF2180DED5E009CBC99 /* Foundation.framework in Frameworks */,
				C529E98B6B764CFA80699BFE /* libPods.a in Frameworks */,
			);
			runOnlyForDeploymentPostprocessing = 0;
		};
/* End PBXFrameworksBuildPhase section */

/* Begin PBXGroup section */
		0ECA636C18196E5500DBC1AB /* Login */ = {
			isa = PBXGroup;
			children = (
				0ECA636D18196E6D00DBC1AB /* SSLoginViewController.h */,
				0ECA636E18196E6D00DBC1AB /* SSLoginViewController.m */,
			);
			name = Login;
			path = ..;
			sourceTree = "<group>";
		};
		0EDC614A18171B4100F41AEF /* Helpers */ = {
			isa = PBXGroup;
			children = (
				0EDC614B18171B6600F41AEF /* UIView+SSHelpers.h */,
				0EDC614C18171B6600F41AEF /* UIView+SSHelpers.m */,
			);
			name = Helpers;
			sourceTree = "<group>";
		};
		0EF9EDE5180DED5E009CBC99 = {
			isa = PBXGroup;
			children = (
				0EF9EDF7180DED5E009CBC99 /* ContactNotes */,
				0EF9EDF0180DED5E009CBC99 /* Frameworks */,
				0EF9EDEF180DED5E009CBC99 /* Products */,
				4C5E9DF2BFDE4CA5BB7EC5AF /* Pods.xcconfig */,
			);
			sourceTree = "<group>";
		};
		0EF9EDEF180DED5E009CBC99 /* Products */ = {
			isa = PBXGroup;
			children = (
				0EF9EDEE180DED5E009CBC99 /* Contact Notepad.app */,
			);
			name = Products;
			sourceTree = "<group>";
		};
		0EF9EDF0180DED5E009CBC99 /* Frameworks */ = {
			isa = PBXGroup;
			children = (
				0EDC614E18171CD100F41AEF /* MessageUI.framework */,
				0EF9EE411810378E009CBC99 /* AddressBook.framework */,
				0EF9EE3F18103773009CBC99 /* AddressBookUI.framework */,
				0EF9EE29180ECFE2009CBC99 /* MapKit.framework */,
				0EF9EDF1180DED5E009CBC99 /* Foundation.framework */,
				0EF9EDF3180DED5E009CBC99 /* CoreGraphics.framework */,
				0EF9EDF5180DED5E009CBC99 /* UIKit.framework */,
				0EF9EE13180DED5E009CBC99 /* XCTest.framework */,
				38B18CACC6CD4ABCA89A8B67 /* libPods.a */,
			);
			name = Frameworks;
			sourceTree = "<group>";
		};
		0EF9EDF7180DED5E009CBC99 /* ContactNotes */ = {
			isa = PBXGroup;
			children = (
				0EF9EE00180DED5E009CBC99 /* SSAppDelegate.h */,
				0EF9EE01180DED5E009CBC99 /* SSAppDelegate.m */,
				0EF9EE4A1816B4EE009CBC99 /* SSAppController.h */,
				0EF9EE4B1816B4EE009CBC99 /* SSAppController.m */,
				0EF9EE4D1816B4FF009CBC99 /* SSAppFactory.h */,
				0EF9EE4E1816B4FF009CBC99 /* SSAppFactory.m */,
				0ECA63701819710500DBC1AB /* SSController.h */,
				0EE99D8818198FE700CB93DC /* SSUserDefaults.h */,
				0EE99D8918198FE700CB93DC /* SSUserDefaults.m */,
				0ECA636C18196E5500DBC1AB /* Login */,
				0EF9EE501816B559009CBC99 /* Contacts */,
				0EF9EE31180F2B63009CBC99 /* Model */,
				0EDC614A18171B4100F41AEF /* Helpers */,
				0EF9EE491816B485009CBC99 /* Storyboards */,
				0EF9EE38180F41CF009CBC99 /* Table View */,
				0EF9EE0C180DED5E009CBC99 /* Images.xcassets */,
				0EF9EDF8180DED5E009CBC99 /* Supporting Files */,
			);
			path = ContactNotes;
			sourceTree = "<group>";
		};
		0EF9EDF8180DED5E009CBC99 /* Supporting Files */ = {
			isa = PBXGroup;
			children = (
				0EF9EDF9180DED5E009CBC99 /* Contact Notepad-Info.plist */,
				0EF9EDFA180DED5E009CBC99 /* InfoPlist.strings */,
				0EF9EDFD180DED5E009CBC99 /* main.m */,
				0EF9EDFF180DED5E009CBC99 /* Contact Notepad-Prefix.pch */,
			);
			name = "Supporting Files";
			sourceTree = "<group>";
		};
		0EF9EE31180F2B63009CBC99 /* Model */ = {
			isa = PBXGroup;
			children = (
				0EF9EE2B180EFED4009CBC99 /* SSSDataManager.h */,
				0EF9EE2C180EFED4009CBC99 /* SSSDataManager.m */,
				0EF9EE2E180F2954009CBC99 /* SSContact.h */,
				0EF9EE2F180F2954009CBC99 /* SSContact.m */,
				0EF9EE32180F2B80009CBC99 /* SSAddress.h */,
				0EF9EE33180F2B80009CBC99 /* SSAddress.m */,
				0EF9EE35180F2EE7009CBC99 /* SSModel.h */,
				0EF9EE36180F2EE7009CBC99 /* SSModel.m */,
				0EF9EE461811717B009CBC99 /* SSNote.h */,
				0EF9EE471811717B009CBC99 /* SSNote.m */,
			);
			name = Model;
			path = ..;
			sourceTree = "<group>";
		};
		0EF9EE38180F41CF009CBC99 /* Table View */ = {
			isa = PBXGroup;
			children = (
				0EF9EE39180F41F5009CBC99 /* SSContactOverviewCell.h */,
				0EF9EE3A180F41F5009CBC99 /* SSContactOverviewCell.m */,
			);
			name = "Table View";
			sourceTree = "<group>";
		};
		0EF9EE491816B485009CBC99 /* Storyboards */ = {
			isa = PBXGroup;
			children = (
				0EF9EE06180DED5E009CBC99 /* Contacts_iPad.storyboard */,
				0EF9EE03180DED5E009CBC99 /* Contacts_iPhone.storyboard */,
				0ECA636A18195B5100DBC1AB /* Login.storyboard */,
			);
			name = Storyboards;
			path = ..;
			sourceTree = "<group>";
		};
		0EF9EE501816B559009CBC99 /* Contacts */ = {
			isa = PBXGroup;
			children = (
				0EF9EE09180DED5E009CBC99 /* SSContactsViewController.h */,
				0EF9EE0A180DED5E009CBC99 /* SSContactsViewController.m */,
				0EF9EE3C1810246B009CBC99 /* SSContactDetailsViewController.h */,
				0EF9EE3D1810246C009CBC99 /* SSContactDetailsViewController.m */,
				0EF9EE43181049B8009CBC99 /* SSContactNotesViewController.h */,
				0EF9EE44181049B8009CBC99 /* SSContactNotesViewController.m */,
			);
			name = Contacts;
			path = ..;
			sourceTree = "<group>";
		};
/* End PBXGroup section */

/* Begin PBXNativeTarget section */
		0EF9EDED180DED5E009CBC99 /* Contact Notepad */ = {
			isa = PBXNativeTarget;
			buildConfigurationList = 0EF9EE23180DED5F009CBC99 /* Build configuration list for PBXNativeTarget "Contact Notepad" */;
			buildPhases = (
				1C72BE680AE34C6C9FF50516 /* Check Pods Manifest.lock */,
				0EE99D8B181AA92100CB93DC /* Set Version */,
				0EF9EDEA180DED5E009CBC99 /* Sources */,
				0EF9EDEB180DED5E009CBC99 /* Frameworks */,
				0EF9EDEC180DED5E009CBC99 /* Resources */,
				554836580C54483098952B1E /* Copy Pods Resources */,
			);
			buildRules = (
			);
			dependencies = (
			);
			name = "Contact Notepad";
			productName = ContactNotes;
			productReference = 0EF9EDEE180DED5E009CBC99 /* Contact Notepad.app */;
			productType = "com.apple.product-type.application";
		};
/* End PBXNativeTarget section */

/* Begin PBXProject section */
		0EF9EDE6180DED5E009CBC99 /* Project object */ = {
			isa = PBXProject;
			attributes = {
				CLASSPREFIX = SS;
				LastUpgradeCheck = 0500;
				ORGANIZATIONNAME = "Sincera Solutions";
				TargetAttributes = {
					0EF9EDED180DED5E009CBC99 = {
						DevelopmentTeam = 3W745BPGN6;
					};
				};
			};
			buildConfigurationList = 0EF9EDE9180DED5E009CBC99 /* Build configuration list for PBXProject "Contact Notepad" */;
			compatibilityVersion = "Xcode 3.2";
			developmentRegion = English;
			hasScannedForEncodings = 0;
			knownRegions = (
				en,
				Base,
			);
			mainGroup = 0EF9EDE5180DED5E009CBC99;
			productRefGroup = 0EF9EDEF180DED5E009CBC99 /* Products */;
			projectDirPath = "";
			projectRoot = "";
			targets = (
				0EF9EDED180DED5E009CBC99 /* Contact Notepad */,
			);
		};
/* End PBXProject section */

/* Begin PBXResourcesBuildPhase section */
		0EF9EDEC180DED5E009CBC99 /* Resources */ = {
			isa = PBXResourcesBuildPhase;
			buildActionMask = 2147483647;
			files = (
				0EF9EE08180DED5E009CBC99 /* Contacts_iPad.storyboard in Resources */,
				0EF9EE0D180DED5E009CBC99 /* Images.xcassets in Resources */,
				0EF9EE05180DED5E009CBC99 /* Contacts_iPhone.storyboard in Resources */,
				0ECA636B18195B5100DBC1AB /* Login.storyboard in Resources */,
				0EF9EDFC180DED5E009CBC99 /* InfoPlist.strings in Resources */,
			);
			runOnlyForDeploymentPostprocessing = 0;
		};
/* End PBXResourcesBuildPhase section */

/* Begin PBXShellScriptBuildPhase section */
		0EE99D8B181AA92100CB93DC /* Set Version */ = {
			isa = PBXShellScriptBuildPhase;
			buildActionMask = 2147483647;
			files = (
			);
			inputPaths = (
			);
			name = "Set Version";
			outputPaths = (
			);
			runOnlyForDeploymentPostprocessing = 0;
			shellPath = /bin/sh;
			shellScript = "./External/version.sh --set --plist-path \"${BUILT_PRODUCTS_DIR}/${INFOPLIST_PATH}\"";
		};
		1C72BE680AE34C6C9FF50516 /* Check Pods Manifest.lock */ = {
			isa = PBXShellScriptBuildPhase;
			buildActionMask = 2147483647;
			files = (
			);
			inputPaths = (
			);
			name = "Check Pods Manifest.lock";
			outputPaths = (
			);
			runOnlyForDeploymentPostprocessing = 0;
			shellPath = /bin/sh;
			shellScript = "diff \"${PODS_ROOT}/../Podfile.lock\" \"${PODS_ROOT}/Manifest.lock\" > /dev/null\nif [[ $? != 0 ]] ; then\n    cat << EOM\nerror: The sandbox is not in sync with the Podfile.lock. Run 'pod install' or update your CocoaPods installation.\nEOM\n    exit 1\nfi\n";
			showEnvVarsInLog = 0;
		};
		554836580C54483098952B1E /* Copy Pods Resources */ = {
			isa = PBXShellScriptBuildPhase;
			buildActionMask = 2147483647;
			files = (
			);
			inputPaths = (
			);
			name = "Copy Pods Resources";
			outputPaths = (
			);
			runOnlyForDeploymentPostprocessing = 0;
			shellPath = /bin/sh;
			shellScript = "\"${SRCROOT}/Pods/Pods-resources.sh\"\n";
			showEnvVarsInLog = 0;
		};
/* End PBXShellScriptBuildPhase section */

/* Begin PBXSourcesBuildPhase section */
		0EF9EDEA180DED5E009CBC99 /* Sources */ = {
			isa = PBXSourcesBuildPhase;
			buildActionMask = 2147483647;
			files = (
				0EF9EE34180F2B80009CBC99 /* SSAddress.m in Sources */,
				0EF9EE0B180DED5E009CBC99 /* SSContactsViewController.m in Sources */,
				0EF9EE2D180EFED4009CBC99 /* SSSDataManager.m in Sources */,
				0EF9EE45181049B8009CBC99 /* SSContactNotesViewController.m in Sources */,
				0EF9EE3B180F41F5009CBC99 /* SSContactOverviewCell.m in Sources */,
				0EF9EE02180DED5E009CBC99 /* SSAppDelegate.m in Sources */,
				0EF9EE30180F2954009CBC99 /* SSContact.m in Sources */,
				0EF9EE4C1816B4EE009CBC99 /* SSAppController.m in Sources */,
				0EE99D8A18198FE700CB93DC /* SSUserDefaults.m in Sources */,
				0EDC614D18171B6600F41AEF /* UIView+SSHelpers.m in Sources */,
				0EF9EDFE180DED5E009CBC99 /* main.m in Sources */,
				0EF9EE3E1810246C009CBC99 /* SSContactDetailsViewController.m in Sources */,
				0EF9EE4F1816B4FF009CBC99 /* SSAppFactory.m in Sources */,
				0EF9EE37180F2EE7009CBC99 /* SSModel.m in Sources */,
				0ECA636F18196E6D00DBC1AB /* SSLoginViewController.m in Sources */,
				0EF9EE481811717B009CBC99 /* SSNote.m in Sources */,
			);
			runOnlyForDeploymentPostprocessing = 0;
		};
/* End PBXSourcesBuildPhase section */

/* Begin PBXVariantGroup section */
		0EF9EDFA180DED5E009CBC99 /* InfoPlist.strings */ = {
			isa = PBXVariantGroup;
			children = (
				0EF9EDFB180DED5E009CBC99 /* en */,
			);
			name = InfoPlist.strings;
			sourceTree = "<group>";
		};
		0EF9EE03180DED5E009CBC99 /* Contacts_iPhone.storyboard */ = {
			isa = PBXVariantGroup;
			children = (
				0EF9EE04180DED5E009CBC99 /* Base */,
			);
			name = Contacts_iPhone.storyboard;
			path = ContactNotes;
			sourceTree = "<group>";
		};
		0EF9EE06180DED5E009CBC99 /* Contacts_iPad.storyboard */ = {
			isa = PBXVariantGroup;
			children = (
				0EF9EE07180DED5E009CBC99 /* Base */,
			);
			name = Contacts_iPad.storyboard;
			path = ContactNotes;
			sourceTree = "<group>";
		};
/* End PBXVariantGroup section */

/* Begin XCBuildConfiguration section */
		0EF9EE21180DED5F009CBC99 /* Debug */ = {
			isa = XCBuildConfiguration;
			buildSettings = {
				ALWAYS_SEARCH_USER_PATHS = NO;
				ARCHS = "$(ARCHS_STANDARD_INCLUDING_64_BIT)";
				CLANG_CXX_LANGUAGE_STANDARD = "gnu++0x";
				CLANG_CXX_LIBRARY = "libc++";
				CLANG_ENABLE_MODULES = YES;
				CLANG_ENABLE_OBJC_ARC = YES;
				CLANG_WARN_BOOL_CONVERSION = YES;
				CLANG_WARN_CONSTANT_CONVERSION = YES;
				CLANG_WARN_DIRECT_OBJC_ISA_USAGE = YES_ERROR;
				CLANG_WARN_EMPTY_BODY = YES;
				CLANG_WARN_ENUM_CONVERSION = YES;
				CLANG_WARN_INT_CONVERSION = YES;
				CLANG_WARN_OBJC_ROOT_CLASS = YES_ERROR;
				CLANG_WARN__DUPLICATE_METHOD_MATCH = YES;
				"CODE_SIGN_IDENTITY[sdk=iphoneos*]" = "iPhone Developer";
				COPY_PHASE_STRIP = NO;
				CURRENT_PROJECT_VERSION = 2;
				GCC_C_LANGUAGE_STANDARD = gnu99;
				GCC_DYNAMIC_NO_PIC = NO;
				GCC_OPTIMIZATION_LEVEL = 0;
				GCC_PREPROCESSOR_DEFINITIONS = (
					"DEBUG=1",
					"$(inherited)",
				);
				GCC_SYMBOLS_PRIVATE_EXTERN = NO;
				GCC_WARN_64_TO_32_BIT_CONVERSION = YES;
				GCC_WARN_ABOUT_RETURN_TYPE = YES_ERROR;
				GCC_WARN_UNDECLARED_SELECTOR = YES;
				GCC_WARN_UNINITIALIZED_AUTOS = YES;
				GCC_WARN_UNUSED_FUNCTION = YES;
				GCC_WARN_UNUSED_VARIABLE = YES;
				IPHONEOS_DEPLOYMENT_TARGET = 7.0;
				ONLY_ACTIVE_ARCH = YES;
				SDKROOT = iphoneos;
				TARGETED_DEVICE_FAMILY = "1,2";
			};
			name = Debug;
		};
		0EF9EE22180DED5F009CBC99 /* Release */ = {
			isa = XCBuildConfiguration;
			buildSettings = {
				ALWAYS_SEARCH_USER_PATHS = NO;
				ARCHS = "$(ARCHS_STANDARD_INCLUDING_64_BIT)";
				CLANG_CXX_LANGUAGE_STANDARD = "gnu++0x";
				CLANG_CXX_LIBRARY = "libc++";
				CLANG_ENABLE_MODULES = YES;
				CLANG_ENABLE_OBJC_ARC = YES;
				CLANG_WARN_BOOL_CONVERSION = YES;
				CLANG_WARN_CONSTANT_CONVERSION = YES;
				CLANG_WARN_DIRECT_OBJC_ISA_USAGE = YES_ERROR;
				CLANG_WARN_EMPTY_BODY = YES;
				CLANG_WARN_ENUM_CONVERSION = YES;
				CLANG_WARN_INT_CONVERSION = YES;
				CLANG_WARN_OBJC_ROOT_CLASS = YES_ERROR;
				CLANG_WARN__DUPLICATE_METHOD_MATCH = YES;
				"CODE_SIGN_IDENTITY[sdk=iphoneos*]" = "iPhone Developer";
				COPY_PHASE_STRIP = YES;
				CURRENT_PROJECT_VERSION = 2;
				ENABLE_NS_ASSERTIONS = NO;
				GCC_C_LANGUAGE_STANDARD = gnu99;
				GCC_WARN_64_TO_32_BIT_CONVERSION = YES;
				GCC_WARN_ABOUT_RETURN_TYPE = YES_ERROR;
				GCC_WARN_UNDECLARED_SELECTOR = YES;
				GCC_WARN_UNINITIALIZED_AUTOS = YES;
				GCC_WARN_UNUSED_FUNCTION = YES;
				GCC_WARN_UNUSED_VARIABLE = YES;
				IPHONEOS_DEPLOYMENT_TARGET = 7.0;
				SDKROOT = iphoneos;
				TARGETED_DEVICE_FAMILY = "1,2";
				VALIDATE_PRODUCT = YES;
			};
			name = Release;
		};
		0EF9EE24180DED5F009CBC99 /* Debug */ = {
			isa = XCBuildConfiguration;
			baseConfigurationReference = 4C5E9DF2BFDE4CA5BB7EC5AF /* Pods.xcconfig */;
			buildSettings = {
				ASSETCATALOG_COMPILER_APPICON_NAME = AppIcon;
				ASSETCATALOG_COMPILER_LAUNCHIMAGE_NAME = LaunchImage;
				CODE_SIGN_IDENTITY = "iPhone Developer";
				GCC_PRECOMPILE_PREFIX_HEADER = YES;
				GCC_PREFIX_HEADER = "ContactNotes/Contact Notepad-Prefix.pch";
				INFOPLIST_FILE = "ContactNotes/Contact Notepad-Info.plist";
				PRODUCT_NAME = "Contact Notepad";
				PROVISIONING_PROFILE = "5DABD32D-A632-42A0-AF0B-2E641F92FC45";
				WRAPPER_EXTENSION = app;
			};
			name = Debug;
		};
		0EF9EE25180DED5F009CBC99 /* Release */ = {
			isa = XCBuildConfiguration;
			baseConfigurationReference = 4C5E9DF2BFDE4CA5BB7EC5AF /* Pods.xcconfig */;
			buildSettings = {
				ASSETCATALOG_COMPILER_APPICON_NAME = AppIcon;
				ASSETCATALOG_COMPILER_LAUNCHIMAGE_NAME = LaunchImage;
				CODE_SIGN_IDENTITY = "iPhone Distribution: Sincera Solutions, Inc. (3W745BPGN6)";
				GCC_PRECOMPILE_PREFIX_HEADER = YES;
				GCC_PREFIX_HEADER = "ContactNotes/Contact Notepad-Prefix.pch";
				INFOPLIST_FILE = "ContactNotes/Contact Notepad-Info.plist";
				PRODUCT_NAME = "Contact Notepad";
				PROVISIONING_PROFILE = "5DABD32D-A632-42A0-AF0B-2E641F92FC45";
				WRAPPER_EXTENSION = app;
			};
			name = Release;
		};
/* End XCBuildConfiguration section */

/* Begin XCConfigurationList section */
		0EF9EDE9180DED5E009CBC99 /* Build configuration list for PBXProject "Contact Notepad" */ = {
			isa = XCConfigurationList;
			buildConfigurations = (
				0EF9EE21180DED5F009CBC99 /* Debug */,
				0EF9EE22180DED5F009CBC99 /* Release */,
			);
			defaultConfigurationIsVisible = 0;
			defaultConfigurationName = Release;
		};
		0EF9EE23180DED5F009CBC99 /* Build configuration list for PBXNativeTarget "Contact Notepad" */ = {
			isa = XCConfigurationList;
			buildConfigurations = (
				0EF9EE24180DED5F009CBC99 /* Debug */,
				0EF9EE25180DED5F009CBC99 /* Release */,
			);
			defaultConfigurationIsVisible = 0;
			defaultConfigurationName = Release;
		};
/* End XCConfigurationList section */
	};
	rootObject = 0EF9EDE6180DED5E009CBC99 /* Project object */;
}
